
Microsoft Visual Studio Solution File, Format Version 12.00
# Visual Studio Version 16
VisualStudioVersion = 16.0.30128.74
MinimumVisualStudioVersion = 10.0.40219.1
Project("{FAE04EC0-301F-11D3-BF4B-00C04F79EFBC}") = "UsingStatic", "UsingStatic\UsingStatic.csproj", "{5D958885-3241-4F10-8765-000ADB943CBE}"
EndProject
Global
	GlobalSection(SolutionConfigurationPlatforms) = preSolution
		Debug|Any CPU = Debug|Any CPU
		Release|Any CPU = Release|Any CPU
	EndGlobalSection
	GlobalSection(ProjectConfigurationPlatforms) = postSolution
		{5D958885-3241-4F10-8765-000ADB943CBE}.Debug|Any CPU.ActiveCfg = Debug|Any CPU
		{5D958885-3241-4F10-8765-000ADB943CBE}.Debug|Any CPU.Build.0 = Debug|Any CPU
		{5D958885-3241-4F10-8765-000ADB943CBE}.Release|Any CPU.ActiveCfg = Release|Any CPU
		{5D958885-3241-4F10-8765-000ADB943CBE}.Release|Any CPU.Build.0 = Release|Any CPU
	EndGlobalSection
	GlobalSection(SolutionProperties) = preSolution
		HideSolutionNode = FALSE
	EndGlobalSection
	GlobalSection(ExtensibilityGlobals) = postSolution
		SolutionGuid = {92056D04-1D70-4CD2-A1B4-43BF760A0CB8}
	EndGlobalSection
EndGlobal
